
Microsoft Visual Studio Solution File, Format Version 12.00
# Visual Studio 15
VisualStudioVersion = 15.0.27130.2027
MinimumVisualStudioVersion = 10.0.40219.1
Project("{9A19103F-16F7-4668-BE54-9A1E7A4F7556}") = "MapsetChecks", "MapsetChecks.csproj", "{A6EC94B0-74A8-4E1F-A62A-B9C78E6134EF}"
EndProject
Global
	GlobalSection(SolutionConfigurationPlatforms) = preSolution
		Debug|Any CPU = Debug|Any CPU
		Release|Any CPU = Release|Any CPU
	EndGlobalSection
	GlobalSection(ProjectConfigurationPlatforms) = postSolution
		{A6EC94B0-74A8-4E1F-A62A-B9C78E6134EF}.Debug|Any CPU.ActiveCfg = Debug|Any CPU
		{A6EC94B0-74A8-4E1F-A62A-B9C78E6134EF}.Debug|Any CPU.Build.0 = Debug|Any CPU
		{A6EC94B0-74A8-4E1F-A62A-B9C78E6134EF}.Release|Any CPU.ActiveCfg = Release|Any CPU
		{A6EC94B0-74A8-4E1F-A62A-B9C78E6134EF}.Release|Any CPU.Build.0 = Release|Any CPU
	EndGlobalSection
	GlobalSection(SolutionProperties) = preSolution
		HideSolutionNode = FALSE
	EndGlobalSection
	GlobalSection(ExtensibilityGlobals) = postSolution
		SolutionGuid = {70617901-A420-4718-B251-F12109ECBA75}
	EndGlobalSection
EndGlobal
